
Microsoft Visual Studio Solution File, Format Version 12.00
# Visual Studio Version 16
VisualStudioVersion = 16.0.31624.102
MinimumVisualStudioVersion = 10.0.40219.1
Project("{FAE04EC0-301F-11D3-BF4B-00C04F79EFBC}") = "OopDemo", "OopDemo\OopDemo.csproj", "{81E4B6C8-42EE-4C22-A069-43E2D205E1FF}"
EndProject
Global
	GlobalSection(SolutionConfigurationPlatforms) = preSolution
		Debug|Any CPU = Debug|Any CPU
		Release|Any CPU = Release|Any CPU
	EndGlobalSection
	GlobalSection(ProjectConfigurationPlatforms) = postSolution
		{81E4B6C8-42EE-4C22-A069-43E2D205E1FF}.Debug|Any CPU.ActiveCfg = Debug|Any CPU
		{81E4B6C8-42EE-4C22-A069-43E2D205E1FF}.Debug|Any CPU.Build.0 = Debug|Any CPU
		{81E4B6C8-42EE-4C22-A069-43E2D205E1FF}.Release|Any CPU.ActiveCfg = Release|Any CPU
		{81E4B6C8-42EE-4C22-A069-43E2D205E1FF}.Release|Any CPU.Build.0 = Release|Any CPU
	EndGlobalSection
	GlobalSection(SolutionProperties) = preSolution
		HideSolutionNode = FALSE
	EndGlobalSection
	GlobalSection(ExtensibilityGlobals) = postSolution
		SolutionGuid = {A2340F44-75A8-444B-8288-DEBB1C0BAAF3}
	EndGlobalSection
EndGlobal
